
Microsoft Visual Studio Solution File, Format Version 12.00
# Visual Studio 14
VisualStudioVersion = 14.0.25420.1
MinimumVisualStudioVersion = 10.0.40219.1
Project("{FAE04EC0-301F-11D3-BF4B-00C04F79EFBC}") = "AvalonSword", "AvalonSword.csproj", "{A2E1BC50-F95A-47DD-902B-9E492AC78BE1}"
EndProject
Project("{FAE04EC0-301F-11D3-BF4B-00C04F79EFBC}") = "AvalonSwordTests", "..\AvalonSwordTests\AvalonSwordTests.csproj", "{B7214B39-E1C9-414F-AD4E-155B803A5C3E}"
EndProject
Global
	GlobalSection(SolutionConfigurationPlatforms) = preSolution
		Debug|Any CPU = Debug|Any CPU
		Release|Any CPU = Release|Any CPU
	EndGlobalSection
	GlobalSection(ProjectConfigurationPlatforms) = postSolution
		{A2E1BC50-F95A-47DD-902B-9E492AC78BE1}.Debug|Any CPU.ActiveCfg = Debug|Any CPU
		{A2E1BC50-F95A-47DD-902B-9E492AC78BE1}.Debug|Any CPU.Build.0 = Debug|Any CPU
		{A2E1BC50-F95A-47DD-902B-9E492AC78BE1}.Release|Any CPU.ActiveCfg = Release|Any CPU
		{A2E1BC50-F95A-47DD-902B-9E492AC78BE1}.Release|Any CPU.Build.0 = Release|Any CPU
		{B7214B39-E1C9-414F-AD4E-155B803A5C3E}.Debug|Any CPU.ActiveCfg = Debug|Any CPU
		{B7214B39-E1C9-414F-AD4E-155B803A5C3E}.Debug|Any CPU.Build.0 = Debug|Any CPU
		{B7214B39-E1C9-414F-AD4E-155B803A5C3E}.Release|Any CPU.ActiveCfg = Release|Any CPU
		{B7214B39-E1C9-414F-AD4E-155B803A5C3E}.Release|Any CPU.Build.0 = Release|Any CPU
	EndGlobalSection
	GlobalSection(SolutionProperties) = preSolution
		HideSolutionNode = FALSE
	EndGlobalSection
EndGlobal
